
Microsoft Visual Studio Solution File, Format Version 12.00
# Visual Studio Version 16
VisualStudioVersion = 16.0.31729.503
MinimumVisualStudioVersion = 10.0.40219.1
Project("{FAE04EC0-301F-11D3-BF4B-00C04F79EFBC}") = "MyProject", "MyProject.csproj", "{64DE0076-BECB-4984-9207-3BDD37538154}"
EndProject
Global
	GlobalSection(SolutionConfigurationPlatforms) = preSolution
		Debug|Any CPU = Debug|Any CPU
		Release|Any CPU = Release|Any CPU
	EndGlobalSection
	GlobalSection(ProjectConfigurationPlatforms) = postSolution
		{64DE0076-BECB-4984-9207-3BDD37538154}.Debug|Any CPU.ActiveCfg = Debug|Any CPU
		{64DE0076-BECB-4984-9207-3BDD37538154}.Debug|Any CPU.Build.0 = Debug|Any CPU
		{64DE0076-BECB-4984-9207-3BDD37538154}.Release|Any CPU.ActiveCfg = Release|Any CPU
		{64DE0076-BECB-4984-9207-3BDD37538154}.Release|Any CPU.Build.0 = Release|Any CPU
	EndGlobalSection
	GlobalSection(SolutionProperties) = preSolution
		HideSolutionNode = FALSE
	EndGlobalSection
	GlobalSection(ExtensibilityGlobals) = postSolution
		SolutionGuid = {04093947-20F0-41E3-B35B-AD54DD5A9758}
	EndGlobalSection
EndGlobal
